lockfileVersion: 5.4

specifiers:
  '@gigara/rush-github-action-build-cache-plugin': ^1.0.7

dependencies:
  '@gigara/rush-github-action-build-cache-plugin': 1.0.8

packages:

  /@actions/cache/3.3.0:
    resolution: {integrity: sha512-+eCsMTIZUEm+QA9GqjollOhCdvRrZ1JV8d9Rp34zVNizBkYITO8dhKczP5Xps1dFzc5n59p7vYVtZrGt18bb5Q==}
    dependencies:
      '@actions/core': 1.11.1
      '@actions/exec': 1.1.1
      '@actions/glob': 0.1.2
      '@actions/http-client': 2.2.3
      '@actions/io': 1.1.3
      '@azure/abort-controller': 1.1.0
      '@azure/ms-rest-js': 2.7.0
      '@azure/storage-blob': 12.25.0
      semver: 6.3.1
    transitivePeerDependencies:
      - encoding
      - supports-color
    dev: false

  /@actions/core/1.11.1:
    resolution: {integrity: sha512-hXJCSrkwfA46Vd9Z3q4cpEpHB1rL5NG04+/rbqW9d3+CSvtB1tYe8UTpAlixa1vj0m/ULglfEK2UKxMGxCxv5A==}
    dependencies:
      '@actions/exec': 1.1.1
      '@actions/http-client': 2.2.3
    dev: false

  /@actions/exec/1.1.1:
    resolution: {integrity: sha512-+sCcHHbVdk93a0XT19ECtO/gIXoxvdsgQLzb2fE2/5sIZmWQuluYyjPQtrtTHdU1YzTZ7bAPN4sITq2xi1679w==}
    dependencies:
      '@actions/io': 1.1.3
    dev: false

  /@actions/glob/0.1.2:
    resolution: {integrity: sha512-SclLR7Ia5sEqjkJTPs7Sd86maMDw43p769YxBOxvPvEWuPEhpAnBsQfENOpXjFYMmhCqd127bmf+YdvJqVqR4A==}
    dependencies:
      '@actions/core': 1.11.1
      minimatch: 3.1.2
    dev: false

  /@actions/http-client/2.2.3:
    resolution: {integrity: sha512-mx8hyJi/hjFvbPokCg4uRd4ZX78t+YyRPtnKWwIl+RzNaVuFpQHfmlGVfsKEJN8LwTCvL+DfVgAM04XaHkm6bA==}
    dependencies:
      tunnel: 0.0.6
      undici: 5.28.4
    dev: false

  /@actions/io/1.1.3:
    resolution: {integrity: sha512-wi9JjgKLYS7U/z8PPbco+PvTb/nRWjeoFlJ1Qer83k/3C5PHQi28hiVdeE2kHXmIL99mQFawx8qt/JPjZilJ8Q==}
    dev: false

  /@azure/abort-controller/1.1.0:
    resolution: {integrity: sha512-TrRLIoSQVzfAJX9H1JeFjzAoDGcoK1IYX1UImfceTZpsyYfWr09Ss1aHW1y5TrrR3iq6RZLBwJ3E24uwPhwahw==}
    engines: {node: '>=12.0.0'}
    dependencies:
      tslib: 2.8.1
    dev: false

  /@azure/abort-controller/2.1.2:
    resolution: {integrity: sha512-nBrLsEWm4J2u5LpAPjxADTlq3trDgVZZXHNKabeXZtpq3d3AbN/KGO82R87rdDz5/lYB024rtEf10/q0urNgsA==}
    engines: {node: '>=18.0.0'}
    dependencies:
      tslib: 2.8.1
    dev: false

  /@azure/core-auth/1.9.0:
    resolution: {integrity: sha512-FPwHpZywuyasDSLMqJ6fhbOK3TqUdviZNF8OqRGA4W5Ewib2lEEZ+pBsYcBa88B2NGO/SEnYPGhyBqNlE8ilSw==}
    engines: {node: '>=18.0.0'}
    dependencies:
      '@azure/abort-controller': 2.1.2
      '@azure/core-util': 1.11.0
      tslib: 2.8.1
    dev: false

  /@azure/core-client/1.9.2:
    resolution: {integrity: sha512-kRdry/rav3fUKHl/aDLd/pDLcB+4pOFwPPTVEExuMyaI5r+JBbMWqRbCY1pn5BniDaU3lRxO9eaQ1AmSMehl/w==}
    engines: {node: '>=18.0.0'}
    dependencies:
      '@azure/abort-controller': 2.1.2
      '@azure/core-auth': 1.9.0
      '@azure/core-rest-pipeline': 1.17.0
      '@azure/core-tracing': 1.2.0
      '@azure/core-util': 1.11.0
      '@azure/logger': 1.1.4
      tslib: 2.8.1
    transitivePeerDependencies:
      - supports-color
    dev: false

  /@azure/core-http-compat/2.1.2:
    resolution: {integrity: sha512-5MnV1yqzZwgNLLjlizsU3QqOeQChkIXw781Fwh1xdAqJR5AA32IUaq6xv1BICJvfbHoa+JYcaij2HFkhLbNTJQ==}
    engines: {node: '>=18.0.0'}
    dependencies:
      '@azure/abort-controller': 2.1.2
      '@azure/core-client': 1.9.2
      '@azure/core-rest-pipeline': 1.17.0
    transitivePeerDependencies:
      - supports-color
    dev: false

  /@azure/core-lro/2.7.2:
    resolution: {integrity: sha512-0YIpccoX8m/k00O7mDDMdJpbr6mf1yWo2dfmxt5A8XVZVVMz2SSKaEbMCeJRvgQ0IaSlqhjT47p4hVIRRy90xw==}
    engines: {node: '>=18.0.0'}
    dependencies:
      '@azure/abort-controller': 2.1.2
      '@azure/core-util': 1.11.0
      '@azure/logger': 1.1.4
      tslib: 2.8.1
    dev: false

  /@azure/core-paging/1.6.2:
    resolution: {integrity: sha512-YKWi9YuCU04B55h25cnOYZHxXYtEvQEbKST5vqRga7hWY9ydd3FZHdeQF8pyh+acWZvppw13M/LMGx0LABUVMA==}
    engines: {node: '>=18.0.0'}
    dependencies:
      tslib: 2.8.1
    dev: false

  /@azure/core-rest-pipeline/1.17.0:
    resolution: {integrity: sha512-62Vv8nC+uPId3j86XJ0WI+sBf0jlqTqPUFCBNrGtlaUeQUIXWV/D8GE5A1d+Qx8H7OQojn2WguC8kChD6v0shA==}
    engines: {node: '>=18.0.0'}
    dependencies:
      '@azure/abort-controller': 2.1.2
      '@azure/core-auth': 1.9.0
      '@azure/core-tracing': 1.2.0
      '@azure/core-util': 1.11.0
      '@azure/logger': 1.1.4
      http-proxy-agent: 7.0.2
      https-proxy-agent: 7.0.5
      tslib: 2.8.1
    transitivePeerDependencies:
      - supports-color
    dev: false

  /@azure/core-tracing/1.2.0:
    resolution: {integrity: sha512-UKTiEJPkWcESPYJz3X5uKRYyOcJD+4nYph+KpfdPRnQJVrZfk0KJgdnaAWKfhsBBtAf/D58Az4AvCJEmWgIBAg==}
    engines: {node: '>=18.0.0'}
    dependencies:
      tslib: 2.8.1
    dev: false

  /@azure/core-util/1.11.0:
    resolution: {integrity: sha512-DxOSLua+NdpWoSqULhjDyAZTXFdP/LKkqtYuxxz1SCN289zk3OG8UOpnCQAz/tygyACBtWp/BoO72ptK7msY8g==}
    engines: {node: '>=18.0.0'}
    dependencies:
      '@azure/abort-controller': 2.1.2
      tslib: 2.8.1
    dev: false

  /@azure/core-xml/1.4.4:
    resolution: {integrity: sha512-J4FYAqakGXcbfeZjwjMzjNcpcH4E+JtEBv+xcV1yL0Ydn/6wbQfeFKTCHh9wttAi0lmajHw7yBbHPRG+YHckZQ==}
    engines: {node: '>=18.0.0'}
    dependencies:
      fast-xml-parser: 4.5.0
      tslib: 2.8.1
    dev: false

  /@azure/logger/1.1.4:
    resolution: {integrity: sha512-4IXXzcCdLdlXuCG+8UKEwLA1T1NHqUfanhXYHiQTn+6sfWCZXduqbtXDGceg3Ce5QxTGo7EqmbV6Bi+aqKuClQ==}
    engines: {node: '>=18.0.0'}
    dependencies:
      tslib: 2.8.1
    dev: false

  /@azure/ms-rest-js/2.7.0:
    resolution: {integrity: sha512-ngbzWbqF+NmztDOpLBVDxYM+XLcUj7nKhxGbSU9WtIsXfRB//cf2ZbAG5HkOrhU9/wd/ORRB6lM/d69RKVjiyA==}
    dependencies:
      '@azure/core-auth': 1.9.0
      abort-controller: 3.0.0
      form-data: 2.5.2
      node-fetch: 2.7.0
      tslib: 1.14.1
      tunnel: 0.0.6
      uuid: 8.3.2
      xml2js: 0.5.0
    transitivePeerDependencies:
      - encoding
    dev: false

  /@azure/storage-blob/12.25.0:
    resolution: {integrity: sha512-oodouhA3nCCIh843tMMbxty3WqfNT+Vgzj3Xo5jqR9UPnzq3d7mzLjlHAYz7lW+b4km3SIgz+NAgztvhm7Z6kQ==}
    engines: {node: '>=18.0.0'}
    dependencies:
      '@azure/abort-controller': 2.1.2
      '@azure/core-auth': 1.9.0
      '@azure/core-client': 1.9.2
      '@azure/core-http-compat': 2.1.2
      '@azure/core-lro': 2.7.2
      '@azure/core-paging': 1.6.2
      '@azure/core-rest-pipeline': 1.17.0
      '@azure/core-tracing': 1.2.0
      '@azure/core-util': 1.11.0
      '@azure/core-xml': 1.4.4
      '@azure/logger': 1.1.4
      events: 3.3.0
      tslib: 2.8.1
    transitivePeerDependencies:
      - supports-color
    dev: false

  /@fastify/busboy/2.1.1:
    resolution: {integrity: sha512-vBZP4NlzfOlerQTnba4aqZoMhE/a9HY7HRqoOPaETQcSQuWEIyZMHGfVu6w9wGtGK5fED5qRs2DteVCjOH60sA==}
    engines: {node: '>=14'}
    dev: false

  /@gigara/rush-github-action-build-cache-plugin/1.0.8:
    resolution: {integrity: sha512-HXU2oWnW7pcjd7WM7vxOvrGog1kur37bLqjZwtvWVM7V8ouLyJPeK9FGxRPHknwWppOX929z/pYN9sLdwEGosQ==}
    dependencies:
      '@actions/cache': 3.3.0
      '@actions/core': 1.11.1
    transitivePeerDependencies:
      - encoding
      - supports-color
    dev: false

  /abort-controller/3.0.0:
    resolution: {integrity: sha512-h8lQ8tacZYnR3vNQTgibj+tODHI5/+l06Au2Pcriv/Gmet0eaj4TwWH41sO9wnHDiQsEj19q0drzdWdeAHtweg==}
    engines: {node: '>=6.5'}
    dependencies:
      event-target-shim: 5.0.1
    dev: false

  /agent-base/7.1.1:
    resolution: {integrity: sha512-H0TSyFNDMomMNJQBn8wFV5YC/2eJ+VXECwOadZJT554xP6cODZHPX3H9QMQECxvrgiSOP1pHjy1sMWQVYJOUOA==}
    engines: {node: '>= 14'}
    dependencies:
      debug: 4.3.7
    transitivePeerDependencies:
      - supports-color
    dev: false

  /asynckit/0.4.0:
    resolution: {integrity: sha512-Oei9OH4tRh0YqU3GxhX79dM/mwVgvbZJaSNaRk+bshkj0S5cfHcgYakreBjrHwatXKbz+IoIdYLxrKim2MjW0Q==}
    dev: false

  /balanced-match/1.0.2:
    resolution: {integrity: sha512-3oSeUO0TMV67hN1AmbXsK4yaqU7tjiHlbxRDZOpH0KW9+CeX4bRAaX0Anxt0tx2MrpRpWwQaPwIlISEJhYU5Pw==}
    dev: false

  /brace-expansion/1.1.11:
    resolution: {integrity: sha512-iCuPHDFgrHX7H2vEI/5xpz07zSHB00TpugqhmYtVmMO6518mCuRMoOYFldEBl0g187ufozdaHgWKcYFb61qGiA==}
    dependencies:
      balanced-match: 1.0.2
      concat-map: 0.0.1
    dev: false

  /combined-stream/1.0.8:
    resolution: {integrity: sha512-FQN4MRfuJeHf7cBbBMJFXhKSDq+2kAArBlmRBvcvFE5BB1HZKXtSFASDhdlz9zOYwxh8lDdnvmMOe/+5cdoEdg==}
    engines: {node: '>= 0.8'}
    dependencies:
      delayed-stream: 1.0.0
    dev: false

  /concat-map/0.0.1:
    resolution: {integrity: sha512-/Srv4dswyQNBfohGpz9o6Yb3Gz3SrUDqBH5rTuhGR7ahtlbYKnVxw2bCFMRljaA7EXHaXZ8wsHdodFvbkhKmqg==}
    dev: false

  /debug/4.3.7:
    resolution: {integrity: sha512-Er2nc/H7RrMXZBFCEim6TCmMk02Z8vLC2Rbi1KEBggpo0fS6l0S1nnapwmIi3yW/+GOJap1Krg4w0Hg80oCqgQ==}
    engines: {node: '>=6.0'}
    peerDependencies:
      supports-color: '*'
    peerDependenciesMeta:
      supports-color:
        optional: true
    dependencies:
      ms: 2.1.3
    dev: false

  /delayed-stream/1.0.0:
    resolution: {integrity: sha512-ZySD7Nf91aLB0RxL4KGrKHBXl7Eds1DAmEdcoVawXnLD7SDhpNgtuII2aAkg7a7QS41jxPSZ17p4VdGnMHk3MQ==}
    engines: {node: '>=0.4.0'}
    dev: false

  /event-target-shim/5.0.1:
    resolution: {integrity: sha512-i/2XbnSz/uxRCU6+NdVJgKWDTM427+MqYbkQzD321DuCQJUqOuJKIA0IM2+W2xtYHdKOmZ4dR6fExsd4SXL+WQ==}
    engines: {node: '>=6'}
    dev: false

  /events/3.3.0:
    resolution: {integrity: sha512-mQw+2fkQbALzQ7V0MY0IqdnXNOeTtP4r0lN9z7AAawCXgqea7bDii20AYrIBrFd/Hx0M2Ocz6S111CaFkUcb0Q==}
    engines: {node: '>=0.8.x'}
    dev: false

  /fast-xml-parser/4.5.0:
    resolution: {integrity: sha512-/PlTQCI96+fZMAOLMZK4CWG1ItCbfZ/0jx7UIJFChPNrx7tcEgerUgWbeieCM9MfHInUDyK8DWYZ+YrywDJuTg==}
    hasBin: true
    dependencies:
      strnum: 1.0.5
    dev: false

  /form-data/2.5.2:
    resolution: {integrity: sha512-GgwY0PS7DbXqajuGf4OYlsrIu3zgxD6Vvql43IBhm6MahqA5SK/7mwhtNj2AdH2z35YR34ujJ7BN+3fFC3jP5Q==}
    engines: {node: '>= 0.12'}
    dependencies:
      asynckit: 0.4.0
      combined-stream: 1.0.8
      mime-types: 2.1.35
      safe-buffer: 5.2.1
    dev: false

  /http-proxy-agent/7.0.2:
    resolution: {integrity: sha512-T1gkAiYYDWYx3V5Bmyu7HcfcvL7mUrTWiM6yOfa3PIphViJ/gFPbvidQ+veqSOHci/PxBcDabeUNCzpOODJZig==}
    engines: {node: '>= 14'}
    dependencies:
      agent-base: 7.1.1
      debug: 4.3.7
    transitivePeerDependencies:
      - supports-color
    dev: false

  /https-proxy-agent/7.0.5:
    resolution: {integrity: sha512-1e4Wqeblerz+tMKPIq2EMGiiWW1dIjZOksyHWSUm1rmuvw/how9hBHZ38lAGj5ID4Ik6EdkOw7NmWPy6LAwalw==}
    engines: {node: '>= 14'}
    dependencies:
      agent-base: 7.1.1
      debug: 4.3.7
    transitivePeerDependencies:
      - supports-color
    dev: false

  /mime-db/1.52.0:
    resolution: {integrity: sha512-sPU4uV7dYlvtWJxwwxHD0PuihVNiE7TyAbQ5SWxDCB9mUYvOgroQOwYQQOKPJ8CIbE+1ETVlOoK1UC2nU3gYvg==}
    engines: {node: '>= 0.6'}
    dev: false

  /mime-types/2.1.35:
    resolution: {integrity: sha512-ZDY+bPm5zTTF+YpCrAU9nK0UgICYPT0QtT1NZWFv4s++TNkcgVaT0g6+4R2uI4MjQjzysHB1zxuWL50hzaeXiw==}
    engines: {node: '>= 0.6'}
    dependencies:
      mime-db: 1.52.0
    dev: false

  /minimatch/3.1.2:
    resolution: {integrity: sha512-J7p63hRiAjw1NDEww1W7i37+ByIrOWO5XQQAzZ3VOcL0PNybwpfmV/N05zFAzwQ9USyEcX6t3UO+K5aqBQOIHw==}
    dependencies:
      brace-expansion: 1.1.11
    dev: false

  /ms/2.1.3:
    resolution: {integrity: sha512-6FlzubTLZG3J2a/NVCAleEhjzq5oxgHyaCU9yYXvcLsvoVaHJq/s5xXI6/XXP6tz7R9xAOtHnSO/tXtF3WRTlA==}
    dev: false

  /node-fetch/2.7.0:
    resolution: {integrity: sha512-c4FRfUm/dbcWZ7U+1Wq0AwCyFL+3nt2bEw05wfxSz+DWpWsitgmSgYmy2dQdWyKC1694ELPqMs/YzUSNozLt8A==}
    engines: {node: 4.x || >=6.0.0}
    peerDependencies:
      encoding: ^0.1.0
    peerDependenciesMeta:
      encoding:
        optional: true
    dependencies:
      whatwg-url: 5.0.0
    dev: false

  /safe-buffer/5.2.1:
    resolution: {integrity: sha512-rp3So07KcdmmKbGvgaNxQSJr7bGVSVk5S9Eq1F+ppbRo70+YeaDxkw5Dd8NPN+GD6bjnYm2VuPuCXmpuYvmCXQ==}
    dev: false

  /sax/1.4.1:
    resolution: {integrity: sha512-+aWOz7yVScEGoKNd4PA10LZ8sk0A/z5+nXQG5giUO5rprX9jgYsTdov9qCchZiPIZezbZH+jRut8nPodFAX4Jg==}
    dev: false

  /semver/6.3.1:
    resolution: {integrity: sha512-BR7VvDCVHO+q2xBEWskxS6DJE1qRnb7DxzUrogb71CWoSficBxYsiAGd+Kl0mmq/MprG9yArRkyrQxTO6XjMzA==}
    hasBin: true
    dev: false

  /strnum/1.0.5:
    resolution: {integrity: sha512-J8bbNyKKXl5qYcR36TIO8W3mVGVHrmmxsd5PAItGkmyzwJvybiw2IVq5nqd0i4LSNSkB/sx9VHllbfFdr9k1JA==}
    dev: false

  /tr46/0.0.3:
    resolution: {integrity: sha512-N3WMsuqV66lT30CrXNbEjx4GEwlow3v6rr4mCcv6prnfwhS01rkgyFdjPNBYd9br7LpXV1+Emh01fHnq2Gdgrw==}
    dev: false

  /tslib/1.14.1:
    resolution: {integrity: sha512-Xni35NKzjgMrwevysHTCArtLDpPvye8zV/0E4EyYn43P7/7qvQwPh9BGkHewbMulVntbigmcT7rdX3BNo9wRJg==}
    dev: false

  /tslib/2.8.1:
    resolution: {integrity: sha512-oJFu94HQb+KVduSUQL7wnpmqnfmLsOA/nAh6b6EH0wCEoK0/mPeXU6c3wKDV83MkOuHPRHtSXKKU99IBazS/2w==}
    dev: false

  /tunnel/0.0.6:
    resolution: {integrity: sha512-1h/Lnq9yajKY2PEbBadPXj3VxsDDu844OnaAo52UVmIzIvwwtBPIuNvkjuzBlTWpfJyUbG3ez0KSBibQkj4ojg==}
    engines: {node: '>=0.6.11 <=0.7.0 || >=0.7.3'}
    dev: false

  /undici/5.28.4:
    resolution: {integrity: sha512-72RFADWFqKmUb2hmmvNODKL3p9hcB6Gt2DOQMis1SEBaV6a4MH8soBvzg+95CYhCKPFedut2JY9bMfrDl9D23g==}
    engines: {node: '>=14.0'}
    dependencies:
      '@fastify/busboy': 2.1.1
    dev: false

  /uuid/8.3.2:
    resolution: {integrity: sha512-+NYs2QeMWy+GWFOEm9xnn6HCDp0l7QBD7ml8zLUmJ+93Q5NF0NocErnwkTkXVFNiX3/fpC6afS8Dhb/gz7R7eg==}
    hasBin: true
    dev: false

  /webidl-conversions/3.0.1:
    resolution: {integrity: sha512-2JAn3z8AR6rjK8Sm8orRC0h/bcl/DqL7tRPdGZ4I1CjdF+EaMLmYxBHyXuKL849eucPFhvBoxMsflfOb8kxaeQ==}
    dev: false

  /whatwg-url/5.0.0:
    resolution: {integrity: sha512-saE57nupxk6v3HY35+jzBwYa0rKSy0XR8JSxZPwgLr7ys0IBzhGviA1/TUGJLmSVqs8pb9AnvICXEuOHLprYTw==}
    dependencies:
      tr46: 0.0.3
      webidl-conversions: 3.0.1
    dev: false

  /xml2js/0.5.0:
    resolution: {integrity: sha512-drPFnkQJik/O+uPKpqSgr22mpuFHqKdbS835iAQrUC73L2F5WkboIRd63ai/2Yg6I1jzifPFKH2NTK+cfglkIA==}
    engines: {node: '>=4.0.0'}
    dependencies:
      sax: 1.4.1
      xmlbuilder: 11.0.1
    dev: false

  /xmlbuilder/11.0.1:
    resolution: {integrity: sha512-fDlsI/kFEx7gLvbecc0/ohLG50fugQp8ryHzMTuW9vSa1GJ0XYWKnhsUx7oie3G98+r56aTQIUB4kht42R3JvA==}
    engines: {node: '>=4.0'}
    dev: false
